
Microsoft Visual Studio Solution File, Format Version 12.00
# Visual Studio Version 16
VisualStudioVersion = 16.0.810.9
MinimumVisualStudioVersion = 10.0.40219.1
Project("{FAE04EC0-301F-11D3-BF4B-00C04F79EFBC}") = "DoableHomework", "DoableHomework\DoableHomework.csproj", "{15C23040-75D6-4660-9DF3-F2A9C94EE96D}"
EndProject
Global
	GlobalSection(SolutionConfigurationPlatforms) = preSolution
		Debug|Any CPU = Debug|Any CPU
		Release|Any CPU = Release|Any CPU
	EndGlobalSection
	GlobalSection(ProjectConfigurationPlatforms) = postSolution
		{15C23040-75D6-4660-9DF3-F2A9C94EE96D}.Debug|Any CPU.ActiveCfg = Debug|Any CPU
		{15C23040-75D6-4660-9DF3-F2A9C94EE96D}.Debug|Any CPU.Build.0 = Debug|Any CPU
		{15C23040-75D6-4660-9DF3-F2A9C94EE96D}.Release|Any CPU.ActiveCfg = Release|Any CPU
		{15C23040-75D6-4660-9DF3-F2A9C94EE96D}.Release|Any CPU.Build.0 = Release|Any CPU
	EndGlobalSection
	GlobalSection(SolutionProperties) = preSolution
		HideSolutionNode = FALSE
	EndGlobalSection
	GlobalSection(ExtensibilityGlobals) = postSolution
		SolutionGuid = {28722E62-DAFB-49FC-9195-931B54254492}
	EndGlobalSection
EndGlobal
