
Microsoft Visual Studio Solution File, Format Version 12.00
# Visual Studio Version 16
VisualStudioVersion = 16.0.810.8
MinimumVisualStudioVersion = 10.0.40219.1
Project("{FAE04EC0-301F-11D3-BF4B-00C04F79EFBC}") = "Third", "Third\Third.csproj", "{6255B4B2-6298-4403-B463-52CD34FB2021}"
EndProject
Global
	GlobalSection(SolutionConfigurationPlatforms) = preSolution
		Debug|Any CPU = Debug|Any CPU
		Release|Any CPU = Release|Any CPU
	EndGlobalSection
	GlobalSection(ProjectConfigurationPlatforms) = postSolution
		{6255B4B2-6298-4403-B463-52CD34FB2021}.Debug|Any CPU.ActiveCfg = Debug|Any CPU
		{6255B4B2-6298-4403-B463-52CD34FB2021}.Debug|Any CPU.Build.0 = Debug|Any CPU
		{6255B4B2-6298-4403-B463-52CD34FB2021}.Release|Any CPU.ActiveCfg = Release|Any CPU
		{6255B4B2-6298-4403-B463-52CD34FB2021}.Release|Any CPU.Build.0 = Release|Any CPU
	EndGlobalSection
	GlobalSection(SolutionProperties) = preSolution
		HideSolutionNode = FALSE
	EndGlobalSection
	GlobalSection(ExtensibilityGlobals) = postSolution
		SolutionGuid = {422811AB-B040-4725-899E-4F45E02CF8C5}
	EndGlobalSection
EndGlobal
