
Microsoft Visual Studio Solution File, Format Version 12.00
Project("{FAE04EC0-301F-11D3-BF4B-00C04F79EFBC}") = "TrickyAverage", "TrickyAverage\TrickyAverage.csproj", "{435D7A2C-2417-41A1-B0BC-516ED296C303}"
EndProject
Project("{FAE04EC0-301F-11D3-BF4B-00C04F79EFBC}") = "TestProject1", "TestProject1\TestProject1.csproj", "{AAC5150F-72AC-4067-93F1-662C5B5BC012}"
EndProject
Global
	GlobalSection(SolutionConfigurationPlatforms) = preSolution
		Debug|Any CPU = Debug|Any CPU
		Release|Any CPU = Release|Any CPU
	EndGlobalSection
	GlobalSection(ProjectConfigurationPlatforms) = postSolution
		{435D7A2C-2417-41A1-B0BC-516ED296C303}.Debug|Any CPU.ActiveCfg = Debug|Any CPU
		{435D7A2C-2417-41A1-B0BC-516ED296C303}.Debug|Any CPU.Build.0 = Debug|Any CPU
		{435D7A2C-2417-41A1-B0BC-516ED296C303}.Release|Any CPU.ActiveCfg = Release|Any CPU
		{435D7A2C-2417-41A1-B0BC-516ED296C303}.Release|Any CPU.Build.0 = Release|Any CPU
		{AAC5150F-72AC-4067-93F1-662C5B5BC012}.Debug|Any CPU.ActiveCfg = Debug|Any CPU
		{AAC5150F-72AC-4067-93F1-662C5B5BC012}.Debug|Any CPU.Build.0 = Debug|Any CPU
		{AAC5150F-72AC-4067-93F1-662C5B5BC012}.Release|Any CPU.ActiveCfg = Release|Any CPU
		{AAC5150F-72AC-4067-93F1-662C5B5BC012}.Release|Any CPU.Build.0 = Release|Any CPU
	EndGlobalSection
EndGlobal
