
Microsoft Visual Studio Solution File, Format Version 12.00
Project("{FAE04EC0-301F-11D3-BF4B-00C04F79EFBC}") = "Newsletter", "Newsletter\Newsletter.csproj", "{48DAFBA6-DBA5-4EEA-87FF-3BE68EF0B22C}"
EndProject
Global
	GlobalSection(SolutionConfigurationPlatforms) = preSolution
		Debug|Any CPU = Debug|Any CPU
		Release|Any CPU = Release|Any CPU
	EndGlobalSection
	GlobalSection(ProjectConfigurationPlatforms) = postSolution
		{48DAFBA6-DBA5-4EEA-87FF-3BE68EF0B22C}.Debug|Any CPU.ActiveCfg = Debug|Any CPU
		{48DAFBA6-DBA5-4EEA-87FF-3BE68EF0B22C}.Debug|Any CPU.Build.0 = Debug|Any CPU
		{48DAFBA6-DBA5-4EEA-87FF-3BE68EF0B22C}.Release|Any CPU.ActiveCfg = Release|Any CPU
		{48DAFBA6-DBA5-4EEA-87FF-3BE68EF0B22C}.Release|Any CPU.Build.0 = Release|Any CPU
	EndGlobalSection
EndGlobal
