
Microsoft Visual Studio Solution File, Format Version 12.00
# Visual Studio Version 16
VisualStudioVersion = 16.0.810.8
MinimumVisualStudioVersion = 10.0.40219.1
Project("{FAE04EC0-301F-11D3-BF4B-00C04F79EFBC}") = "PrintEven", "PrintEven\PrintEven.csproj", "{D4974A44-16B1-4340-A432-DB728D0B5696}"
EndProject
Global
	GlobalSection(SolutionConfigurationPlatforms) = preSolution
		Debug|Any CPU = Debug|Any CPU
		Release|Any CPU = Release|Any CPU
	EndGlobalSection
	GlobalSection(ProjectConfigurationPlatforms) = postSolution
		{D4974A44-16B1-4340-A432-DB728D0B5696}.Debug|Any CPU.ActiveCfg = Debug|Any CPU
		{D4974A44-16B1-4340-A432-DB728D0B5696}.Debug|Any CPU.Build.0 = Debug|Any CPU
		{D4974A44-16B1-4340-A432-DB728D0B5696}.Release|Any CPU.ActiveCfg = Release|Any CPU
		{D4974A44-16B1-4340-A432-DB728D0B5696}.Release|Any CPU.Build.0 = Release|Any CPU
	EndGlobalSection
	GlobalSection(SolutionProperties) = preSolution
		HideSolutionNode = FALSE
	EndGlobalSection
	GlobalSection(ExtensibilityGlobals) = postSolution
		SolutionGuid = {7186AB4B-8CC5-4359-A989-9BAA983A100D}
	EndGlobalSection
EndGlobal
