
Microsoft Visual Studio Solution File, Format Version 12.00
# Visual Studio Version 16
VisualStudioVersion = 16.0.810.8
MinimumVisualStudioVersion = 10.0.40219.1
Project("{FAE04EC0-301F-11D3-BF4B-00C04F79EFBC}") = "AverageOfInput", "AverageOfInput\AverageOfInput.csproj", "{9E510100-E166-4C21-8FED-1B0E41191791}"
EndProject
Global
	GlobalSection(SolutionConfigurationPlatforms) = preSolution
		Debug|Any CPU = Debug|Any CPU
		Release|Any CPU = Release|Any CPU
	EndGlobalSection
	GlobalSection(ProjectConfigurationPlatforms) = postSolution
		{9E510100-E166-4C21-8FED-1B0E41191791}.Debug|Any CPU.ActiveCfg = Debug|Any CPU
		{9E510100-E166-4C21-8FED-1B0E41191791}.Debug|Any CPU.Build.0 = Debug|Any CPU
		{9E510100-E166-4C21-8FED-1B0E41191791}.Release|Any CPU.ActiveCfg = Release|Any CPU
		{9E510100-E166-4C21-8FED-1B0E41191791}.Release|Any CPU.Build.0 = Release|Any CPU
	EndGlobalSection
	GlobalSection(SolutionProperties) = preSolution
		HideSolutionNode = FALSE
	EndGlobalSection
	GlobalSection(ExtensibilityGlobals) = postSolution
		SolutionGuid = {008A6237-5D00-403F-B3DC-5CDF0F28C455}
	EndGlobalSection
EndGlobal
