
Microsoft Visual Studio Solution File, Format Version 12.00
# Visual Studio Version 16
VisualStudioVersion = 16.0.810.8
MinimumVisualStudioVersion = 10.0.40219.1
Project("{FAE04EC0-301F-11D3-BF4B-00C04F79EFBC}") = "MultiplicationTable", "MultiplicationTable\MultiplicationTable.csproj", "{3393E9BF-205F-4FE2-B6FE-307437F7B1EC}"
EndProject
Global
	GlobalSection(SolutionConfigurationPlatforms) = preSolution
		Debug|Any CPU = Debug|Any CPU
		Release|Any CPU = Release|Any CPU
	EndGlobalSection
	GlobalSection(ProjectConfigurationPlatforms) = postSolution
		{3393E9BF-205F-4FE2-B6FE-307437F7B1EC}.Debug|Any CPU.ActiveCfg = Debug|Any CPU
		{3393E9BF-205F-4FE2-B6FE-307437F7B1EC}.Debug|Any CPU.Build.0 = Debug|Any CPU
		{3393E9BF-205F-4FE2-B6FE-307437F7B1EC}.Release|Any CPU.ActiveCfg = Release|Any CPU
		{3393E9BF-205F-4FE2-B6FE-307437F7B1EC}.Release|Any CPU.Build.0 = Release|Any CPU
	EndGlobalSection
	GlobalSection(SolutionProperties) = preSolution
		HideSolutionNode = FALSE
	EndGlobalSection
	GlobalSection(ExtensibilityGlobals) = postSolution
		SolutionGuid = {DE3C3D42-1540-453E-BA34-9351DCAE566F}
	EndGlobalSection
EndGlobal
