
Microsoft Visual Studio Solution File, Format Version 12.00
# Visual Studio Version 16
VisualStudioVersion = 16.0.810.8
MinimumVisualStudioVersion = 10.0.40219.1
Project("{FAE04EC0-301F-11D3-BF4B-00C04F79EFBC}") = "HelloMe", "HelloMe\HelloMe.csproj", "{D0987120-DBC1-4AA2-97B7-5632D5484BDA}"
EndProject
Global
	GlobalSection(SolutionConfigurationPlatforms) = preSolution
		Debug|Any CPU = Debug|Any CPU
		Release|Any CPU = Release|Any CPU
	EndGlobalSection
	GlobalSection(ProjectConfigurationPlatforms) = postSolution
		{D0987120-DBC1-4AA2-97B7-5632D5484BDA}.Debug|Any CPU.ActiveCfg = Debug|Any CPU
		{D0987120-DBC1-4AA2-97B7-5632D5484BDA}.Debug|Any CPU.Build.0 = Debug|Any CPU
		{D0987120-DBC1-4AA2-97B7-5632D5484BDA}.Release|Any CPU.ActiveCfg = Release|Any CPU
		{D0987120-DBC1-4AA2-97B7-5632D5484BDA}.Release|Any CPU.Build.0 = Release|Any CPU
	EndGlobalSection
	GlobalSection(SolutionProperties) = preSolution
		HideSolutionNode = FALSE
	EndGlobalSection
	GlobalSection(ExtensibilityGlobals) = postSolution
		SolutionGuid = {B70A65F7-48CD-40A2-BB2D-618610959004}
	EndGlobalSection
EndGlobal
