
Microsoft Visual Studio Solution File, Format Version 12.00
# Visual Studio Version 16
VisualStudioVersion = 16.0.810.9
MinimumVisualStudioVersion = 10.0.40219.1
Project("{FAE04EC0-301F-11D3-BF4B-00C04F79EFBC}") = "Instruments", "Instruments\Instruments.csproj", "{3A309AC4-5F24-43A0-A3F7-080FAE8D5D78}"
EndProject
Global
	GlobalSection(SolutionConfigurationPlatforms) = preSolution
		Debug|Any CPU = Debug|Any CPU
		Release|Any CPU = Release|Any CPU
	EndGlobalSection
	GlobalSection(ProjectConfigurationPlatforms) = postSolution
		{3A309AC4-5F24-43A0-A3F7-080FAE8D5D78}.Debug|Any CPU.ActiveCfg = Debug|Any CPU
		{3A309AC4-5F24-43A0-A3F7-080FAE8D5D78}.Debug|Any CPU.Build.0 = Debug|Any CPU
		{3A309AC4-5F24-43A0-A3F7-080FAE8D5D78}.Release|Any CPU.ActiveCfg = Release|Any CPU
		{3A309AC4-5F24-43A0-A3F7-080FAE8D5D78}.Release|Any CPU.Build.0 = Release|Any CPU
	EndGlobalSection
	GlobalSection(SolutionProperties) = preSolution
		HideSolutionNode = FALSE
	EndGlobalSection
	GlobalSection(ExtensibilityGlobals) = postSolution
		SolutionGuid = {B5D6C0BB-316B-4989-9AC7-3300C7E25A26}
	EndGlobalSection
EndGlobal
