
Microsoft Visual Studio Solution File, Format Version 12.00
Project("{FAE04EC0-301F-11D3-BF4B-00C04F79EFBC}") = "VideoLibrary", "VideoLibrary\VideoLibrary.csproj", "{B36B942F-2E75-4174-9B74-E6D58C42B0DC}"
EndProject
Global
	GlobalSection(SolutionConfigurationPlatforms) = preSolution
		Debug|Any CPU = Debug|Any CPU
		Release|Any CPU = Release|Any CPU
	EndGlobalSection
	GlobalSection(ProjectConfigurationPlatforms) = postSolution
		{B36B942F-2E75-4174-9B74-E6D58C42B0DC}.Debug|Any CPU.ActiveCfg = Debug|Any CPU
		{B36B942F-2E75-4174-9B74-E6D58C42B0DC}.Debug|Any CPU.Build.0 = Debug|Any CPU
		{B36B942F-2E75-4174-9B74-E6D58C42B0DC}.Release|Any CPU.ActiveCfg = Release|Any CPU
		{B36B942F-2E75-4174-9B74-E6D58C42B0DC}.Release|Any CPU.Build.0 = Release|Any CPU
	EndGlobalSection
EndGlobal
