
Microsoft Visual Studio Solution File, Format Version 12.00
# Visual Studio Version 16
VisualStudioVersion = 16.0.810.9
MinimumVisualStudioVersion = 10.0.40219.1
Project("{FAE04EC0-301F-11D3-BF4B-00C04F79EFBC}") = "Farm", "Farm\Farm.csproj", "{BE0B40B9-3361-4A79-8917-380ED9835796}"
EndProject
Global
	GlobalSection(SolutionConfigurationPlatforms) = preSolution
		Debug|Any CPU = Debug|Any CPU
		Release|Any CPU = Release|Any CPU
	EndGlobalSection
	GlobalSection(ProjectConfigurationPlatforms) = postSolution
		{BE0B40B9-3361-4A79-8917-380ED9835796}.Debug|Any CPU.ActiveCfg = Debug|Any CPU
		{BE0B40B9-3361-4A79-8917-380ED9835796}.Debug|Any CPU.Build.0 = Debug|Any CPU
		{BE0B40B9-3361-4A79-8917-380ED9835796}.Release|Any CPU.ActiveCfg = Release|Any CPU
		{BE0B40B9-3361-4A79-8917-380ED9835796}.Release|Any CPU.Build.0 = Release|Any CPU
	EndGlobalSection
	GlobalSection(SolutionProperties) = preSolution
		HideSolutionNode = FALSE
	EndGlobalSection
	GlobalSection(ExtensibilityGlobals) = postSolution
		SolutionGuid = {E2DBB267-47F0-48EA-B92D-DD3F7684C1C1}
	EndGlobalSection
EndGlobal
