
Microsoft Visual Studio Solution File, Format Version 12.00
# Visual Studio Version 16
VisualStudioVersion = 16.0.810.8
MinimumVisualStudioVersion = 10.0.40219.1
Project("{FAE04EC0-301F-11D3-BF4B-00C04F79EFBC}") = "Calculator", "Calculator\Calculator.csproj", "{96ECC036-285C-4299-B11A-F22E201AA021}"
EndProject
Global
	GlobalSection(SolutionConfigurationPlatforms) = preSolution
		Debug|Any CPU = Debug|Any CPU
		Release|Any CPU = Release|Any CPU
	EndGlobalSection
	GlobalSection(ProjectConfigurationPlatforms) = postSolution
		{96ECC036-285C-4299-B11A-F22E201AA021}.Debug|Any CPU.ActiveCfg = Debug|Any CPU
		{96ECC036-285C-4299-B11A-F22E201AA021}.Debug|Any CPU.Build.0 = Debug|Any CPU
		{96ECC036-285C-4299-B11A-F22E201AA021}.Release|Any CPU.ActiveCfg = Release|Any CPU
		{96ECC036-285C-4299-B11A-F22E201AA021}.Release|Any CPU.Build.0 = Release|Any CPU
	EndGlobalSection
	GlobalSection(SolutionProperties) = preSolution
		HideSolutionNode = FALSE
	EndGlobalSection
	GlobalSection(ExtensibilityGlobals) = postSolution
		SolutionGuid = {35A8D496-4C7A-48B2-9D67-D1C7F1F1D823}
	EndGlobalSection
EndGlobal
