
Microsoft Visual Studio Solution File, Format Version 12.00
# Visual Studio Version 16
VisualStudioVersion = 16.0.810.8
MinimumVisualStudioVersion = 10.0.40219.1
Project("{FAE04EC0-301F-11D3-BF4B-00C04F79EFBC}") = "DrawDiagonal", "DrawDiagonal\DrawDiagonal.csproj", "{C17AEF16-025F-4EDF-9F3E-EDC52831821F}"
EndProject
Global
	GlobalSection(SolutionConfigurationPlatforms) = preSolution
		Debug|Any CPU = Debug|Any CPU
		Release|Any CPU = Release|Any CPU
	EndGlobalSection
	GlobalSection(ProjectConfigurationPlatforms) = postSolution
		{C17AEF16-025F-4EDF-9F3E-EDC52831821F}.Debug|Any CPU.ActiveCfg = Debug|Any CPU
		{C17AEF16-025F-4EDF-9F3E-EDC52831821F}.Debug|Any CPU.Build.0 = Debug|Any CPU
		{C17AEF16-025F-4EDF-9F3E-EDC52831821F}.Release|Any CPU.ActiveCfg = Release|Any CPU
		{C17AEF16-025F-4EDF-9F3E-EDC52831821F}.Release|Any CPU.Build.0 = Release|Any CPU
	EndGlobalSection
	GlobalSection(SolutionProperties) = preSolution
		HideSolutionNode = FALSE
	EndGlobalSection
	GlobalSection(ExtensibilityGlobals) = postSolution
		SolutionGuid = {88FB600F-6A66-407A-9739-6024F4584701}
	EndGlobalSection
EndGlobal
