
Microsoft Visual Studio Solution File, Format Version 12.00
# Visual Studio Version 16
VisualStudioVersion = 16.0.810.8
MinimumVisualStudioVersion = 10.0.40219.1
Project("{FAE04EC0-301F-11D3-BF4B-00C04F79EFBC}") = "CountLines", "CountLines\CountLines.csproj", "{438ADCB3-3A29-43F1-937C-8E8C05A1AFD9}"
EndProject
Global
	GlobalSection(SolutionConfigurationPlatforms) = preSolution
		Debug|Any CPU = Debug|Any CPU
		Release|Any CPU = Release|Any CPU
	EndGlobalSection
	GlobalSection(ProjectConfigurationPlatforms) = postSolution
		{438ADCB3-3A29-43F1-937C-8E8C05A1AFD9}.Debug|Any CPU.ActiveCfg = Debug|Any CPU
		{438ADCB3-3A29-43F1-937C-8E8C05A1AFD9}.Debug|Any CPU.Build.0 = Debug|Any CPU
		{438ADCB3-3A29-43F1-937C-8E8C05A1AFD9}.Release|Any CPU.ActiveCfg = Release|Any CPU
		{438ADCB3-3A29-43F1-937C-8E8C05A1AFD9}.Release|Any CPU.Build.0 = Release|Any CPU
	EndGlobalSection
	GlobalSection(SolutionProperties) = preSolution
		HideSolutionNode = FALSE
	EndGlobalSection
	GlobalSection(ExtensibilityGlobals) = postSolution
		SolutionGuid = {4333C749-2BE0-44B4-93EF-4D64FC385FEA}
	EndGlobalSection
EndGlobal
