
Microsoft Visual Studio Solution File, Format Version 12.00
Project("{FAE04EC0-301F-11D3-BF4B-00C04F79EFBC}") = "Anagram", "Anagram\Anagram.csproj", "{17394482-ED92-488C-BDCE-496F07C3419E}"
EndProject
Project("{FAE04EC0-301F-11D3-BF4B-00C04F79EFBC}") = "TestProject1", "TestProject1\TestProject1.csproj", "{6B76A19E-F59F-4341-AEC6-960E6561D1E7}"
EndProject
Global
	GlobalSection(SolutionConfigurationPlatforms) = preSolution
		Debug|Any CPU = Debug|Any CPU
		Release|Any CPU = Release|Any CPU
	EndGlobalSection
	GlobalSection(ProjectConfigurationPlatforms) = postSolution
		{17394482-ED92-488C-BDCE-496F07C3419E}.Debug|Any CPU.ActiveCfg = Debug|Any CPU
		{17394482-ED92-488C-BDCE-496F07C3419E}.Debug|Any CPU.Build.0 = Debug|Any CPU
		{17394482-ED92-488C-BDCE-496F07C3419E}.Release|Any CPU.ActiveCfg = Release|Any CPU
		{17394482-ED92-488C-BDCE-496F07C3419E}.Release|Any CPU.Build.0 = Release|Any CPU
		{6B76A19E-F59F-4341-AEC6-960E6561D1E7}.Debug|Any CPU.ActiveCfg = Debug|Any CPU
		{6B76A19E-F59F-4341-AEC6-960E6561D1E7}.Debug|Any CPU.Build.0 = Debug|Any CPU
		{6B76A19E-F59F-4341-AEC6-960E6561D1E7}.Release|Any CPU.ActiveCfg = Release|Any CPU
		{6B76A19E-F59F-4341-AEC6-960E6561D1E7}.Release|Any CPU.Build.0 = Release|Any CPU
	EndGlobalSection
EndGlobal
