
Microsoft Visual Studio Solution File, Format Version 12.00
# Visual Studio Version 16
VisualStudioVersion = 16.0.810.8
MinimumVisualStudioVersion = 10.0.40219.1
Project("{FAE04EC0-301F-11D3-BF4B-00C04F79EFBC}") = "FavoriteNumber", "FavoriteNumber\FavoriteNumber.csproj", "{81DC17D0-2577-4CE8-8E45-6E7D2BF31CBC}"
EndProject
Global
	GlobalSection(SolutionConfigurationPlatforms) = preSolution
		Debug|Any CPU = Debug|Any CPU
		Release|Any CPU = Release|Any CPU
	EndGlobalSection
	GlobalSection(ProjectConfigurationPlatforms) = postSolution
		{81DC17D0-2577-4CE8-8E45-6E7D2BF31CBC}.Debug|Any CPU.ActiveCfg = Debug|Any CPU
		{81DC17D0-2577-4CE8-8E45-6E7D2BF31CBC}.Debug|Any CPU.Build.0 = Debug|Any CPU
		{81DC17D0-2577-4CE8-8E45-6E7D2BF31CBC}.Release|Any CPU.ActiveCfg = Release|Any CPU
		{81DC17D0-2577-4CE8-8E45-6E7D2BF31CBC}.Release|Any CPU.Build.0 = Release|Any CPU
	EndGlobalSection
	GlobalSection(SolutionProperties) = preSolution
		HideSolutionNode = FALSE
	EndGlobalSection
	GlobalSection(ExtensibilityGlobals) = postSolution
		SolutionGuid = {FB2F9087-2BB6-47A5-85FE-96D9CDBA2A64}
	EndGlobalSection
EndGlobal
