
Microsoft Visual Studio Solution File, Format Version 12.00
# Visual Studio Version 16
VisualStudioVersion = 16.0.810.8
MinimumVisualStudioVersion = 10.0.40219.1
Project("{FAE04EC0-301F-11D3-BF4B-00C04F79EFBC}") = "IntroduceYourself", "IntroduceYourself\IntroduceYourself.csproj", "{CBAAD7EE-089B-4DF6-8D18-24CD13C38261}"
EndProject
Global
	GlobalSection(SolutionConfigurationPlatforms) = preSolution
		Debug|Any CPU = Debug|Any CPU
		Release|Any CPU = Release|Any CPU
	EndGlobalSection
	GlobalSection(ProjectConfigurationPlatforms) = postSolution
		{CBAAD7EE-089B-4DF6-8D18-24CD13C38261}.Debug|Any CPU.ActiveCfg = Debug|Any CPU
		{CBAAD7EE-089B-4DF6-8D18-24CD13C38261}.Debug|Any CPU.Build.0 = Debug|Any CPU
		{CBAAD7EE-089B-4DF6-8D18-24CD13C38261}.Release|Any CPU.ActiveCfg = Release|Any CPU
		{CBAAD7EE-089B-4DF6-8D18-24CD13C38261}.Release|Any CPU.Build.0 = Release|Any CPU
	EndGlobalSection
	GlobalSection(SolutionProperties) = preSolution
		HideSolutionNode = FALSE
	EndGlobalSection
	GlobalSection(ExtensibilityGlobals) = postSolution
		SolutionGuid = {09F2AF86-B00E-49A7-B712-71ABFEEC1043}
	EndGlobalSection
EndGlobal
