
Microsoft Visual Studio Solution File, Format Version 12.00
Project("{FAE04EC0-301F-11D3-BF4B-00C04F79EFBC}") = "LINQExercise11", "LINQExercise11\LINQExercise11.csproj", "{B1DB598F-3898-4DF7-8FDC-B7282E0309D1}"
EndProject
Global
	GlobalSection(SolutionConfigurationPlatforms) = preSolution
		Debug|Any CPU = Debug|Any CPU
		Release|Any CPU = Release|Any CPU
	EndGlobalSection
	GlobalSection(ProjectConfigurationPlatforms) = postSolution
		{B1DB598F-3898-4DF7-8FDC-B7282E0309D1}.Debug|Any CPU.ActiveCfg = Debug|Any CPU
		{B1DB598F-3898-4DF7-8FDC-B7282E0309D1}.Debug|Any CPU.Build.0 = Debug|Any CPU
		{B1DB598F-3898-4DF7-8FDC-B7282E0309D1}.Release|Any CPU.ActiveCfg = Release|Any CPU
		{B1DB598F-3898-4DF7-8FDC-B7282E0309D1}.Release|Any CPU.Build.0 = Release|Any CPU
	EndGlobalSection
EndGlobal
