
Microsoft Visual Studio Solution File, Format Version 12.00
# Visual Studio Version 16
VisualStudioVersion = 16.0.810.9
MinimumVisualStudioVersion = 10.0.40219.1
Project("{FAE04EC0-301F-11D3-BF4B-00C04F79EFBC}") = "SumDigit", "SumDigit\SumDigit.csproj", "{93F14B79-4E98-4079-8FF4-A5C95EFA3B20}"
EndProject
Global
	GlobalSection(SolutionConfigurationPlatforms) = preSolution
		Debug|Any CPU = Debug|Any CPU
		Release|Any CPU = Release|Any CPU
	EndGlobalSection
	GlobalSection(ProjectConfigurationPlatforms) = postSolution
		{93F14B79-4E98-4079-8FF4-A5C95EFA3B20}.Debug|Any CPU.ActiveCfg = Debug|Any CPU
		{93F14B79-4E98-4079-8FF4-A5C95EFA3B20}.Debug|Any CPU.Build.0 = Debug|Any CPU
		{93F14B79-4E98-4079-8FF4-A5C95EFA3B20}.Release|Any CPU.ActiveCfg = Release|Any CPU
		{93F14B79-4E98-4079-8FF4-A5C95EFA3B20}.Release|Any CPU.Build.0 = Release|Any CPU
	EndGlobalSection
	GlobalSection(SolutionProperties) = preSolution
		HideSolutionNode = FALSE
	EndGlobalSection
	GlobalSection(ExtensibilityGlobals) = postSolution
		SolutionGuid = {A43DA2F9-4BDF-4CDE-8201-5FF21E3FBC48}
	EndGlobalSection
EndGlobal
