
Microsoft Visual Studio Solution File, Format Version 12.00
# Visual Studio Version 16
VisualStudioVersion = 16.0.810.9
MinimumVisualStudioVersion = 10.0.40219.1
Project("{FAE04EC0-301F-11D3-BF4B-00C04F79EFBC}") = "Flyable", "Flyable\Flyable.csproj", "{617EA141-1201-4752-B753-C6691C3E21CB}"
EndProject
Global
	GlobalSection(SolutionConfigurationPlatforms) = preSolution
		Debug|Any CPU = Debug|Any CPU
		Release|Any CPU = Release|Any CPU
	EndGlobalSection
	GlobalSection(ProjectConfigurationPlatforms) = postSolution
		{617EA141-1201-4752-B753-C6691C3E21CB}.Debug|Any CPU.ActiveCfg = Debug|Any CPU
		{617EA141-1201-4752-B753-C6691C3E21CB}.Debug|Any CPU.Build.0 = Debug|Any CPU
		{617EA141-1201-4752-B753-C6691C3E21CB}.Release|Any CPU.ActiveCfg = Release|Any CPU
		{617EA141-1201-4752-B753-C6691C3E21CB}.Release|Any CPU.Build.0 = Release|Any CPU
	EndGlobalSection
	GlobalSection(SolutionProperties) = preSolution
		HideSolutionNode = FALSE
	EndGlobalSection
	GlobalSection(ExtensibilityGlobals) = postSolution
		SolutionGuid = {8F743B23-29CE-4BDB-B34D-FEB7A351A182}
	EndGlobalSection
EndGlobal
