
Microsoft Visual Studio Solution File, Format Version 12.00
Project("{FAE04EC0-301F-11D3-BF4B-00C04F79EFBC}") = "Pirates", "Pirates\Pirates.csproj", "{74967514-282B-4336-9C8C-CB736C342704}"
EndProject
Global
	GlobalSection(SolutionConfigurationPlatforms) = preSolution
		Debug|Any CPU = Debug|Any CPU
		Release|Any CPU = Release|Any CPU
	EndGlobalSection
	GlobalSection(ProjectConfigurationPlatforms) = postSolution
		{74967514-282B-4336-9C8C-CB736C342704}.Debug|Any CPU.ActiveCfg = Debug|Any CPU
		{74967514-282B-4336-9C8C-CB736C342704}.Debug|Any CPU.Build.0 = Debug|Any CPU
		{74967514-282B-4336-9C8C-CB736C342704}.Release|Any CPU.ActiveCfg = Release|Any CPU
		{74967514-282B-4336-9C8C-CB736C342704}.Release|Any CPU.Build.0 = Release|Any CPU
	EndGlobalSection
EndGlobal
