
Microsoft Visual Studio Solution File, Format Version 12.00
# Visual Studio Version 16
VisualStudioVersion = 16.0.810.8
MinimumVisualStudioVersion = 10.0.40219.1
Project("{FAE04EC0-301F-11D3-BF4B-00C04F79EFBC}") = "ChangeElement", "ChangeElement\ChangeElement.csproj", "{F02892B3-5B51-4F91-9CA2-E425A5C3C55E}"
EndProject
Global
	GlobalSection(SolutionConfigurationPlatforms) = preSolution
		Debug|Any CPU = Debug|Any CPU
		Release|Any CPU = Release|Any CPU
	EndGlobalSection
	GlobalSection(ProjectConfigurationPlatforms) = postSolution
		{F02892B3-5B51-4F91-9CA2-E425A5C3C55E}.Debug|Any CPU.ActiveCfg = Debug|Any CPU
		{F02892B3-5B51-4F91-9CA2-E425A5C3C55E}.Debug|Any CPU.Build.0 = Debug|Any CPU
		{F02892B3-5B51-4F91-9CA2-E425A5C3C55E}.Release|Any CPU.ActiveCfg = Release|Any CPU
		{F02892B3-5B51-4F91-9CA2-E425A5C3C55E}.Release|Any CPU.Build.0 = Release|Any CPU
	EndGlobalSection
	GlobalSection(SolutionProperties) = preSolution
		HideSolutionNode = FALSE
	EndGlobalSection
	GlobalSection(ExtensibilityGlobals) = postSolution
		SolutionGuid = {56FA6F9B-E48D-4962-87A8-BB1A71D3573B}
	EndGlobalSection
EndGlobal
