
Microsoft Visual Studio Solution File, Format Version 12.00
Project("{FAE04EC0-301F-11D3-BF4B-00C04F79EFBC}") = "UniqueNumbers", "UniqueNumbers\UniqueNumbers.csproj", "{CDF2A551-81DE-4C41-845E-6AD81F489C08}"
EndProject
Project("{FAE04EC0-301F-11D3-BF4B-00C04F79EFBC}") = "TestProject1", "TestProject1\TestProject1.csproj", "{2BA7B427-6099-4E79-B54A-D19019DC1C14}"
EndProject
Global
	GlobalSection(SolutionConfigurationPlatforms) = preSolution
		Debug|Any CPU = Debug|Any CPU
		Release|Any CPU = Release|Any CPU
	EndGlobalSection
	GlobalSection(ProjectConfigurationPlatforms) = postSolution
		{CDF2A551-81DE-4C41-845E-6AD81F489C08}.Debug|Any CPU.ActiveCfg = Debug|Any CPU
		{CDF2A551-81DE-4C41-845E-6AD81F489C08}.Debug|Any CPU.Build.0 = Debug|Any CPU
		{CDF2A551-81DE-4C41-845E-6AD81F489C08}.Release|Any CPU.ActiveCfg = Release|Any CPU
		{CDF2A551-81DE-4C41-845E-6AD81F489C08}.Release|Any CPU.Build.0 = Release|Any CPU
		{2BA7B427-6099-4E79-B54A-D19019DC1C14}.Debug|Any CPU.ActiveCfg = Debug|Any CPU
		{2BA7B427-6099-4E79-B54A-D19019DC1C14}.Debug|Any CPU.Build.0 = Debug|Any CPU
		{2BA7B427-6099-4E79-B54A-D19019DC1C14}.Release|Any CPU.ActiveCfg = Release|Any CPU
		{2BA7B427-6099-4E79-B54A-D19019DC1C14}.Release|Any CPU.Build.0 = Release|Any CPU
	EndGlobalSection
EndGlobal
